
Microsoft Visual Studio Solution File, Format Version 10.00
# Visual Studio 2008
Project("{FAE04EC0-301F-11D3-BF4B-00C04F79EFBC}") = "Mono.CSharp.Gui", "Mono.CSharp.Gui.csproj", "{40181081-3764-45F5-BF63-C8F6D77C6A2A}"
EndProject
Global
	GlobalSection(SolutionConfigurationPlatforms) = preSolution
		Debug|Any CPU = Debug|Any CPU
		Release|Any CPU = Release|Any CPU
	EndGlobalSection
	GlobalSection(ProjectConfigurationPlatforms) = postSolution
		{40181081-3764-45F5-BF63-C8F6D77C6A2A}.Debug|Any CPU.ActiveCfg = Debug|Any CPU
		{40181081-3764-45F5-BF63-C8F6D77C6A2A}.Debug|Any CPU.Build.0 = Debug|Any CPU
		{40181081-3764-45F5-BF63-C8F6D77C6A2A}.Release|Any CPU.ActiveCfg = Release|Any CPU
		{40181081-3764-45F5-BF63-C8F6D77C6A2A}.Release|Any CPU.Build.0 = Release|Any CPU
	EndGlobalSection
	GlobalSection(MonoDevelopProperties) = preSolution
		StartupItem = Mono.CSharp.Gui.csproj
		MonoDevelop.ChangeLogAddIn.ChangeLogInfo = $0
		$0.policy = OneChangeLogInProjectRootDirectory
		name = gsharp
	EndGlobalSection
EndGlobal
